
Microsoft Visual Studio Solution File, Format Version 12.00
# Visual Studio Version 17
VisualStudioVersion = 17.0.31903.59
MinimumVisualStudioVersion = 10.0.40219.1
Project("{2150E333-8FDC-42A3-9474-1A3956D46DE8}") = "Shared", "Shared", "{B39D78E4-5DD3-4559-9461-4A3E23B07F33}"
EndProject
Project("{FAE04EC0-301F-11D3-BF4B-00C04F79EFBC}") = "RpcDemo.Interfaces.Hello", "src\Shared\RpcDemo.Interfaces.Hello\RpcDemo.Interfaces.Hello.csproj", "{BEE899FD-F57B-4361-8931-F7F2F97AFF2F}"
EndProject
Project("{2150E333-8FDC-42A3-9474-1A3956D46DE8}") = "Grains", "Grains", "{D714D2E6-0C37-4884-8A30-230248C60316}"
EndProject
Project("{FAE04EC0-301F-11D3-BF4B-00C04F79EFBC}") = "RpcDemo.Grains.Greeting", "src\Grains\RpcDemo.Grains.Greeting\RpcDemo.Grains.Greeting.csproj", "{AE65D9A3-CB95-492E-B0C8-48314132AFCA}"
EndProject
Project("{2150E333-8FDC-42A3-9474-1A3956D46DE8}") = "Hosting", "Hosting", "{B2AA99B1-1616-46C6-BED6-5EA698D7ECB4}"
EndProject
Project("{2150E333-8FDC-42A3-9474-1A3956D46DE8}") = "Server", "Server", "{8AC771FA-7582-4901-B546-86484A718DD2}"
EndProject
Project("{FAE04EC0-301F-11D3-BF4B-00C04F79EFBC}") = "RpcDemo.Hosting.Console", "src\Hosting\Server\RpcDemo.Hosting.Console\RpcDemo.Hosting.Console.csproj", "{A1964D46-938E-4A63-AECA-6B8959D88211}"
EndProject
Project("{2150E333-8FDC-42A3-9474-1A3956D46DE8}") = "Client", "Client", "{8301B271-A924-4A53-A824-C12CDF2C0698}"
EndProject
Project("{FAE04EC0-301F-11D3-BF4B-00C04F79EFBC}") = "RpcDemo.Client.Console", "src\Hosting\Client\RpcDemo.Client.Console\RpcDemo.Client.Console.csproj", "{FCC63E27-FB3F-47F6-9519-287F0C954750}"
EndProject
Project("{2150E333-8FDC-42A3-9474-1A3956D46DE8}") = "tests", "tests", "{565414CC-E5BB-4EC6-AEEB-C0A1F81ACA8E}"
EndProject
Project("{FAE04EC0-301F-11D3-BF4B-00C04F79EFBC}") = "GreetingGrain.Tests", "tests\GreetingGrain.Tests\GreetingGrain.Tests.csproj", "{A6A42CA5-4165-436A-B53B-91F1C95283E1}"
EndProject
Project("{FAE04EC0-301F-11D3-BF4B-00C04F79EFBC}") = "RpcDemo.Interfaces.ASCIIArt", "src\Shared\RpcDemo.Interfaces.ASCIIArt\RpcDemo.Interfaces.ASCIIArt.csproj", "{D0FDBC3C-6BC7-4446-B44F-97683430F0CA}"
EndProject
Project("{FAE04EC0-301F-11D3-BF4B-00C04F79EFBC}") = "RpcDemo.Grains.Cowsay", "src\Grains\RpcDemo.Grains.Cowsay\RpcDemo.Grains.Cowsay.csproj", "{7D34825B-133A-4627-A0C4-765F9639E619}"
EndProject
Project("{FAE04EC0-301F-11D3-BF4B-00C04F79EFBC}") = "CowsayGrain.Tests", "tests\CowsayGrain.Tests\CowsayGrain.Tests.csproj", "{1AB2DDDC-8066-47C7-B7EA-2B19AE8C2403}"
EndProject
Project("{FAE04EC0-301F-11D3-BF4B-00C04F79EFBC}") = "RpcDemo.Interfaces.Counter", "src\Shared\RpcDemo.Interfaces.Counter\RpcDemo.Interfaces.Counter.csproj", "{98BCB36B-F477-4B9B-BFFB-E96C2D9A700D}"
EndProject
Project("{FAE04EC0-301F-11D3-BF4B-00C04F79EFBC}") = "RpcDemo.Grains.Counters", "src\Grains\RpcDemo.Grains.Counters\RpcDemo.Grains.Counters.csproj", "{5C5B016C-2B89-45C6-A6C0-3907FDBA0119}"
EndProject
Project("{FAE04EC0-301F-11D3-BF4B-00C04F79EFBC}") = "CounterGrains.Tests", "tests\CounterGrains.Tests\CounterGrains.Tests.csproj", "{12EA52F5-D2C9-4636-B10B-851A7690BA59}"
EndProject
Project("{FAE04EC0-301F-11D3-BF4B-00C04F79EFBC}") = "RpcDemo.Hosting.AspNetCoreWebApi", "src\Hosting\Server\RpcDemo.Hosting.AspNetCoreWebApi\RpcDemo.Hosting.AspNetCoreWebApi.csproj", "{449BE6B8-A62F-4766-B003-D744F0733498}"
EndProject
Project("{FAE04EC0-301F-11D3-BF4B-00C04F79EFBC}") = "RpcDemo.Hosting.BlazorServer", "src\Hosting\Server\RpcDemo.Hosting.BlazorServer\RpcDemo.Hosting.BlazorServer.csproj", "{F1836B1A-A44F-4839-AA9B-E52BC39E580F}"
EndProject
Project("{FAE04EC0-301F-11D3-BF4B-00C04F79EFBC}") = "RpcDemo.Interfaces.ThrowExDemo", "src\Shared\RpcDemo.Interfaces.ThrowExDemo\RpcDemo.Interfaces.ThrowExDemo.csproj", "{DC6956AB-CBA6-48F1-BF74-7B82C1650815}"
EndProject
Project("{FAE04EC0-301F-11D3-BF4B-00C04F79EFBC}") = "RpcDemo.Interfaces.Cancellable", "src\Shared\RpcDemo.Interfaces.Cancellable\RpcDemo.Interfaces.Cancellable.csproj", "{AF9E84A5-919A-4668-B362-3E8A0814B834}"
EndProject
Project("{FAE04EC0-301F-11D3-BF4B-00C04F79EFBC}") = "RpcDemo.Grains.Cancellable", "src\Grains\RpcDemo.Grains.Cancellable\RpcDemo.Grains.Cancellable.csproj", "{956982EA-BD02-4623-B4C0-819837953E65}"
EndProject
Project("{FAE04EC0-301F-11D3-BF4B-00C04F79EFBC}") = "RpcDemo.Interfaces.EventPractices", "src\Shared\RpcDemo.Interfaces.EventPractices\RpcDemo.Interfaces.EventPractices.csproj", "{EAAD32F2-4157-4612-A23E-C3418C22DFF2}"
EndProject
Project("{FAE04EC0-301F-11D3-BF4B-00C04F79EFBC}") = "RpcDemo.Grains.EventPractices", "src\Grains\RpcDemo.Grains.EventPractices\RpcDemo.Grains.EventPractices.csproj", "{BF7639DE-774A-4623-9663-4602F2C7DBE5}"
EndProject
Project("{FAE04EC0-301F-11D3-BF4B-00C04F79EFBC}") = "RpcDemo.Hosting.MinimalApi", "src\Hosting\Server\RpcDemo.Hosting.MinimalApi\RpcDemo.Hosting.MinimalApi.csproj", "{3C060F75-8AA7-4A55-A8A9-D984FA43397E}"
EndProject
Global
	GlobalSection(SolutionConfigurationPlatforms) = preSolution
		Debug|Any CPU = Debug|Any CPU
		Release|Any CPU = Release|Any CPU
	EndGlobalSection
	GlobalSection(SolutionProperties) = preSolution
		HideSolutionNode = FALSE
	EndGlobalSection
	GlobalSection(ProjectConfigurationPlatforms) = postSolution
		{BEE899FD-F57B-4361-8931-F7F2F97AFF2F}.Debug|Any CPU.ActiveCfg = Debug|Any CPU
		{BEE899FD-F57B-4361-8931-F7F2F97AFF2F}.Debug|Any CPU.Build.0 = Debug|Any CPU
		{BEE899FD-F57B-4361-8931-F7F2F97AFF2F}.Release|Any CPU.ActiveCfg = Release|Any CPU
		{BEE899FD-F57B-4361-8931-F7F2F97AFF2F}.Release|Any CPU.Build.0 = Release|Any CPU
		{AE65D9A3-CB95-492E-B0C8-48314132AFCA}.Debug|Any CPU.ActiveCfg = Debug|Any CPU
		{AE65D9A3-CB95-492E-B0C8-48314132AFCA}.Debug|Any CPU.Build.0 = Debug|Any CPU
		{AE65D9A3-CB95-492E-B0C8-48314132AFCA}.Release|Any CPU.ActiveCfg = Release|Any CPU
		{AE65D9A3-CB95-492E-B0C8-48314132AFCA}.Release|Any CPU.Build.0 = Release|Any CPU
		{A1964D46-938E-4A63-AECA-6B8959D88211}.Debug|Any CPU.ActiveCfg = Debug|Any CPU
		{A1964D46-938E-4A63-AECA-6B8959D88211}.Debug|Any CPU.Build.0 = Debug|Any CPU
		{A1964D46-938E-4A63-AECA-6B8959D88211}.Release|Any CPU.ActiveCfg = Release|Any CPU
		{A1964D46-938E-4A63-AECA-6B8959D88211}.Release|Any CPU.Build.0 = Release|Any CPU
		{FCC63E27-FB3F-47F6-9519-287F0C954750}.Debug|Any CPU.ActiveCfg = Debug|Any CPU
		{FCC63E27-FB3F-47F6-9519-287F0C954750}.Debug|Any CPU.Build.0 = Debug|Any CPU
		{FCC63E27-FB3F-47F6-9519-287F0C954750}.Release|Any CPU.ActiveCfg = Release|Any CPU
		{FCC63E27-FB3F-47F6-9519-287F0C954750}.Release|Any CPU.Build.0 = Release|Any CPU
		{A6A42CA5-4165-436A-B53B-91F1C95283E1}.Debug|Any CPU.ActiveCfg = Debug|Any CPU
		{A6A42CA5-4165-436A-B53B-91F1C95283E1}.Debug|Any CPU.Build.0 = Debug|Any CPU
		{A6A42CA5-4165-436A-B53B-91F1C95283E1}.Release|Any CPU.ActiveCfg = Release|Any CPU
		{A6A42CA5-4165-436A-B53B-91F1C95283E1}.Release|Any CPU.Build.0 = Release|Any CPU
		{D0FDBC3C-6BC7-4446-B44F-97683430F0CA}.Debug|Any CPU.ActiveCfg = Debug|Any CPU
		{D0FDBC3C-6BC7-4446-B44F-97683430F0CA}.Debug|Any CPU.Build.0 = Debug|Any CPU
		{D0FDBC3C-6BC7-4446-B44F-97683430F0CA}.Release|Any CPU.ActiveCfg = Release|Any CPU
		{D0FDBC3C-6BC7-4446-B44F-97683430F0CA}.Release|Any CPU.Build.0 = Release|Any CPU
		{7D34825B-133A-4627-A0C4-765F9639E619}.Debug|Any CPU.ActiveCfg = Debug|Any CPU
		{7D34825B-133A-4627-A0C4-765F9639E619}.Debug|Any CPU.Build.0 = Debug|Any CPU
		{7D34825B-133A-4627-A0C4-765F9639E619}.Release|Any CPU.ActiveCfg = Release|Any CPU
		{7D34825B-133A-4627-A0C4-765F9639E619}.Release|Any CPU.Build.0 = Release|Any CPU
		{1AB2DDDC-8066-47C7-B7EA-2B19AE8C2403}.Debug|Any CPU.ActiveCfg = Debug|Any CPU
		{1AB2DDDC-8066-47C7-B7EA-2B19AE8C2403}.Debug|Any CPU.Build.0 = Debug|Any CPU
		{1AB2DDDC-8066-47C7-B7EA-2B19AE8C2403}.Release|Any CPU.ActiveCfg = Release|Any CPU
		{1AB2DDDC-8066-47C7-B7EA-2B19AE8C2403}.Release|Any CPU.Build.0 = Release|Any CPU
		{98BCB36B-F477-4B9B-BFFB-E96C2D9A700D}.Debug|Any CPU.ActiveCfg = Debug|Any CPU
		{98BCB36B-F477-4B9B-BFFB-E96C2D9A700D}.Debug|Any CPU.Build.0 = Debug|Any CPU
		{98BCB36B-F477-4B9B-BFFB-E96C2D9A700D}.Release|Any CPU.ActiveCfg = Release|Any CPU
		{98BCB36B-F477-4B9B-BFFB-E96C2D9A700D}.Release|Any CPU.Build.0 = Release|Any CPU
		{5C5B016C-2B89-45C6-A6C0-3907FDBA0119}.Debug|Any CPU.ActiveCfg = Debug|Any CPU
		{5C5B016C-2B89-45C6-A6C0-3907FDBA0119}.Debug|Any CPU.Build.0 = Debug|Any CPU
		{5C5B016C-2B89-45C6-A6C0-3907FDBA0119}.Release|Any CPU.ActiveCfg = Release|Any CPU
		{5C5B016C-2B89-45C6-A6C0-3907FDBA0119}.Release|Any CPU.Build.0 = Release|Any CPU
		{12EA52F5-D2C9-4636-B10B-851A7690BA59}.Debug|Any CPU.ActiveCfg = Debug|Any CPU
		{12EA52F5-D2C9-4636-B10B-851A7690BA59}.Debug|Any CPU.Build.0 = Debug|Any CPU
		{12EA52F5-D2C9-4636-B10B-851A7690BA59}.Release|Any CPU.ActiveCfg = Release|Any CPU
		{12EA52F5-D2C9-4636-B10B-851A7690BA59}.Release|Any CPU.Build.0 = Release|Any CPU
		{449BE6B8-A62F-4766-B003-D744F0733498}.Debug|Any CPU.ActiveCfg = Debug|Any CPU
		{449BE6B8-A62F-4766-B003-D744F0733498}.Debug|Any CPU.Build.0 = Debug|Any CPU
		{449BE6B8-A62F-4766-B003-D744F0733498}.Release|Any CPU.ActiveCfg = Release|Any CPU
		{449BE6B8-A62F-4766-B003-D744F0733498}.Release|Any CPU.Build.0 = Release|Any CPU
		{F1836B1A-A44F-4839-AA9B-E52BC39E580F}.Debug|Any CPU.ActiveCfg = Debug|Any CPU
		{F1836B1A-A44F-4839-AA9B-E52BC39E580F}.Debug|Any CPU.Build.0 = Debug|Any CPU
		{F1836B1A-A44F-4839-AA9B-E52BC39E580F}.Release|Any CPU.ActiveCfg = Release|Any CPU
		{F1836B1A-A44F-4839-AA9B-E52BC39E580F}.Release|Any CPU.Build.0 = Release|Any CPU
		{DC6956AB-CBA6-48F1-BF74-7B82C1650815}.Debug|Any CPU.ActiveCfg = Debug|Any CPU
		{DC6956AB-CBA6-48F1-BF74-7B82C1650815}.Debug|Any CPU.Build.0 = Debug|Any CPU
		{DC6956AB-CBA6-48F1-BF74-7B82C1650815}.Release|Any CPU.ActiveCfg = Release|Any CPU
		{DC6956AB-CBA6-48F1-BF74-7B82C1650815}.Release|Any CPU.Build.0 = Release|Any CPU
		{AF9E84A5-919A-4668-B362-3E8A0814B834}.Debug|Any CPU.ActiveCfg = Debug|Any CPU
		{AF9E84A5-919A-4668-B362-3E8A0814B834}.Debug|Any CPU.Build.0 = Debug|Any CPU
		{AF9E84A5-919A-4668-B362-3E8A0814B834}.Release|Any CPU.ActiveCfg = Release|Any CPU
		{AF9E84A5-919A-4668-B362-3E8A0814B834}.Release|Any CPU.Build.0 = Release|Any CPU
		{956982EA-BD02-4623-B4C0-819837953E65}.Debug|Any CPU.ActiveCfg = Debug|Any CPU
		{956982EA-BD02-4623-B4C0-819837953E65}.Debug|Any CPU.Build.0 = Debug|Any CPU
		{956982EA-BD02-4623-B4C0-819837953E65}.Release|Any CPU.ActiveCfg = Release|Any CPU
		{956982EA-BD02-4623-B4C0-819837953E65}.Release|Any CPU.Build.0 = Release|Any CPU
		{EAAD32F2-4157-4612-A23E-C3418C22DFF2}.Debug|Any CPU.ActiveCfg = Debug|Any CPU
		{EAAD32F2-4157-4612-A23E-C3418C22DFF2}.Debug|Any CPU.Build.0 = Debug|Any CPU
		{EAAD32F2-4157-4612-A23E-C3418C22DFF2}.Release|Any CPU.ActiveCfg = Release|Any CPU
		{EAAD32F2-4157-4612-A23E-C3418C22DFF2}.Release|Any CPU.Build.0 = Release|Any CPU
		{BF7639DE-774A-4623-9663-4602F2C7DBE5}.Debug|Any CPU.ActiveCfg = Debug|Any CPU
		{BF7639DE-774A-4623-9663-4602F2C7DBE5}.Debug|Any CPU.Build.0 = Debug|Any CPU
		{BF7639DE-774A-4623-9663-4602F2C7DBE5}.Release|Any CPU.ActiveCfg = Release|Any CPU
		{BF7639DE-774A-4623-9663-4602F2C7DBE5}.Release|Any CPU.Build.0 = Release|Any CPU
		{3C060F75-8AA7-4A55-A8A9-D984FA43397E}.Debug|Any CPU.ActiveCfg = Debug|Any CPU
		{3C060F75-8AA7-4A55-A8A9-D984FA43397E}.Debug|Any CPU.Build.0 = Debug|Any CPU
		{3C060F75-8AA7-4A55-A8A9-D984FA43397E}.Release|Any CPU.ActiveCfg = Release|Any CPU
		{3C060F75-8AA7-4A55-A8A9-D984FA43397E}.Release|Any CPU.Build.0 = Release|Any CPU
	EndGlobalSection
	GlobalSection(NestedProjects) = preSolution
		{BEE899FD-F57B-4361-8931-F7F2F97AFF2F} = {B39D78E4-5DD3-4559-9461-4A3E23B07F33}
		{AE65D9A3-CB95-492E-B0C8-48314132AFCA} = {D714D2E6-0C37-4884-8A30-230248C60316}
		{8AC771FA-7582-4901-B546-86484A718DD2} = {B2AA99B1-1616-46C6-BED6-5EA698D7ECB4}
		{A1964D46-938E-4A63-AECA-6B8959D88211} = {8AC771FA-7582-4901-B546-86484A718DD2}
		{8301B271-A924-4A53-A824-C12CDF2C0698} = {B2AA99B1-1616-46C6-BED6-5EA698D7ECB4}
		{FCC63E27-FB3F-47F6-9519-287F0C954750} = {8301B271-A924-4A53-A824-C12CDF2C0698}
		{A6A42CA5-4165-436A-B53B-91F1C95283E1} = {565414CC-E5BB-4EC6-AEEB-C0A1F81ACA8E}
		{D0FDBC3C-6BC7-4446-B44F-97683430F0CA} = {B39D78E4-5DD3-4559-9461-4A3E23B07F33}
		{7D34825B-133A-4627-A0C4-765F9639E619} = {D714D2E6-0C37-4884-8A30-230248C60316}
		{1AB2DDDC-8066-47C7-B7EA-2B19AE8C2403} = {565414CC-E5BB-4EC6-AEEB-C0A1F81ACA8E}
		{98BCB36B-F477-4B9B-BFFB-E96C2D9A700D} = {B39D78E4-5DD3-4559-9461-4A3E23B07F33}
		{5C5B016C-2B89-45C6-A6C0-3907FDBA0119} = {D714D2E6-0C37-4884-8A30-230248C60316}
		{12EA52F5-D2C9-4636-B10B-851A7690BA59} = {565414CC-E5BB-4EC6-AEEB-C0A1F81ACA8E}
		{449BE6B8-A62F-4766-B003-D744F0733498} = {8AC771FA-7582-4901-B546-86484A718DD2}
		{F1836B1A-A44F-4839-AA9B-E52BC39E580F} = {8AC771FA-7582-4901-B546-86484A718DD2}
		{DC6956AB-CBA6-48F1-BF74-7B82C1650815} = {B39D78E4-5DD3-4559-9461-4A3E23B07F33}
		{AF9E84A5-919A-4668-B362-3E8A0814B834} = {B39D78E4-5DD3-4559-9461-4A3E23B07F33}
		{956982EA-BD02-4623-B4C0-819837953E65} = {D714D2E6-0C37-4884-8A30-230248C60316}
		{EAAD32F2-4157-4612-A23E-C3418C22DFF2} = {B39D78E4-5DD3-4559-9461-4A3E23B07F33}
		{BF7639DE-774A-4623-9663-4602F2C7DBE5} = {D714D2E6-0C37-4884-8A30-230248C60316}
		{3C060F75-8AA7-4A55-A8A9-D984FA43397E} = {8AC771FA-7582-4901-B546-86484A718DD2}
	EndGlobalSection
EndGlobal
